
Microsoft Visual Studio Solution File, Format Version 12.00
# Visual Studio 2013
VisualStudioVersion = 12.0.30110.0
MinimumVisualStudioVersion = 10.0.40219.1
Project("{FAE04EC0-301F-11D3-BF4B-00C04F79EFBC}") = "01.HTML-page", "01.HTML-page\01.HTML-page.csproj", "{5400E058-47E0-42AF-8961-94227C9F6EDA}"
EndProject
Project("{FAE04EC0-301F-11D3-BF4B-00C04F79EFBC}") = "02.NestedItem", "02.NestedItem\02.NestedItem.csproj", "{4FE9CBAC-0FCA-484F-921B-6AB8FC63C42E}"
EndProject
Project("{FAE04EC0-301F-11D3-BF4B-00C04F79EFBC}") = "03.MyFirstWebSite", "03.MyFirstWebSite\03.MyFirstWebSite.csproj", "{5BC4A42E-816E-480D-9A48-9226F09DE11F}"
EndProject
Global
	GlobalSection(SolutionConfigurationPlatforms) = preSolution
		Debug|Any CPU = Debug|Any CPU
		Release|Any CPU = Release|Any CPU
	EndGlobalSection
	GlobalSection(ProjectConfigurationPlatforms) = postSolution
		{5400E058-47E0-42AF-8961-94227C9F6EDA}.Debug|Any CPU.ActiveCfg = Debug|Any CPU
		{5400E058-47E0-42AF-8961-94227C9F6EDA}.Debug|Any CPU.Build.0 = Debug|Any CPU
		{5400E058-47E0-42AF-8961-94227C9F6EDA}.Release|Any CPU.ActiveCfg = Release|Any CPU
		{5400E058-47E0-42AF-8961-94227C9F6EDA}.Release|Any CPU.Build.0 = Release|Any CPU
		{4FE9CBAC-0FCA-484F-921B-6AB8FC63C42E}.Debug|Any CPU.ActiveCfg = Debug|Any CPU
		{4FE9CBAC-0FCA-484F-921B-6AB8FC63C42E}.Debug|Any CPU.Build.0 = Debug|Any CPU
		{4FE9CBAC-0FCA-484F-921B-6AB8FC63C42E}.Release|Any CPU.ActiveCfg = Release|Any CPU
		{4FE9CBAC-0FCA-484F-921B-6AB8FC63C42E}.Release|Any CPU.Build.0 = Release|Any CPU
		{5BC4A42E-816E-480D-9A48-9226F09DE11F}.Debug|Any CPU.ActiveCfg = Debug|Any CPU
		{5BC4A42E-816E-480D-9A48-9226F09DE11F}.Debug|Any CPU.Build.0 = Debug|Any CPU
		{5BC4A42E-816E-480D-9A48-9226F09DE11F}.Release|Any CPU.ActiveCfg = Release|Any CPU
		{5BC4A42E-816E-480D-9A48-9226F09DE11F}.Release|Any CPU.Build.0 = Release|Any CPU
	EndGlobalSection
	GlobalSection(SolutionProperties) = preSolution
		HideSolutionNode = FALSE
	EndGlobalSection
EndGlobal
