
Microsoft Visual Studio Solution File, Format Version 12.00
# Visual Studio 2013
VisualStudioVersion = 12.0.30110.0
MinimumVisualStudioVersion = 10.0.40219.1
Project("{FAE04EC0-301F-11D3-BF4B-00C04F79EFBC}") = "01.FreshFruits", "01.FreshFruits\01.FreshFruits.csproj", "{CD35F76F-A774-4DAD-A05F-2B78F0D8DCB6}"
EndProject
Project("{FAE04EC0-301F-11D3-BF4B-00C04F79EFBC}") = "02.WebPageWithForms", "02.WebPageWithForms\02.WebPageWithForms.csproj", "{855D0B94-5980-4BA3-9B75-E2258111C0F5}"
EndProject
Project("{FAE04EC0-301F-11D3-BF4B-00C04F79EFBC}") = "03.Calculator", "03.Calculator\03.Calculator.csproj", "{CCE5001F-D9DC-4F64-9FAD-3FB01CE00A76}"
EndProject
Global
	GlobalSection(SolutionConfigurationPlatforms) = preSolution
		Debug|Any CPU = Debug|Any CPU
		Release|Any CPU = Release|Any CPU
	EndGlobalSection
	GlobalSection(ProjectConfigurationPlatforms) = postSolution
		{CD35F76F-A774-4DAD-A05F-2B78F0D8DCB6}.Debug|Any CPU.ActiveCfg = Debug|Any CPU
		{CD35F76F-A774-4DAD-A05F-2B78F0D8DCB6}.Debug|Any CPU.Build.0 = Debug|Any CPU
		{CD35F76F-A774-4DAD-A05F-2B78F0D8DCB6}.Release|Any CPU.ActiveCfg = Release|Any CPU
		{CD35F76F-A774-4DAD-A05F-2B78F0D8DCB6}.Release|Any CPU.Build.0 = Release|Any CPU
		{855D0B94-5980-4BA3-9B75-E2258111C0F5}.Debug|Any CPU.ActiveCfg = Debug|Any CPU
		{855D0B94-5980-4BA3-9B75-E2258111C0F5}.Debug|Any CPU.Build.0 = Debug|Any CPU
		{855D0B94-5980-4BA3-9B75-E2258111C0F5}.Release|Any CPU.ActiveCfg = Release|Any CPU
		{855D0B94-5980-4BA3-9B75-E2258111C0F5}.Release|Any CPU.Build.0 = Release|Any CPU
		{CCE5001F-D9DC-4F64-9FAD-3FB01CE00A76}.Debug|Any CPU.ActiveCfg = Debug|Any CPU
		{CCE5001F-D9DC-4F64-9FAD-3FB01CE00A76}.Debug|Any CPU.Build.0 = Debug|Any CPU
		{CCE5001F-D9DC-4F64-9FAD-3FB01CE00A76}.Release|Any CPU.ActiveCfg = Release|Any CPU
		{CCE5001F-D9DC-4F64-9FAD-3FB01CE00A76}.Release|Any CPU.Build.0 = Release|Any CPU
	EndGlobalSection
	GlobalSection(SolutionProperties) = preSolution
		HideSolutionNode = FALSE
	EndGlobalSection
EndGlobal
